{
  "requires": true,
  "lockfileVersion": 1,
  "dependencies": {
    "react-countdown-circle-timer": {
      "version": "2.3.7",
      "resolved": "https://registry.npmjs.org/react-countdown-circle-timer/-/react-countdown-circle-timer-2.3.7.tgz",
      "integrity": "sha512-OcO/Iaze3cA/MwqQwovGg4E9x+FXmriFNTYOC1Au2t68MMyv2tEZtU24V4jlFBS2M28EE8X+jcsxfJu0FReQHg==",
      "requires": {
        "use-elapsed-time": "^2.1.5"
      }
    },
    "use-elapsed-time": {
      "version": "2.1.5",
      "resolved": "https://registry.npmjs.org/use-elapsed-time/-/use-elapsed-time-2.1.5.tgz",
      "integrity": "sha512-+JMPN3gmT5vPUKlkIB8JK9zQ2y68cnyJb3EH3CJOmO85XEe5wJHdXqF3vv7PwLH6yiS1giHSu8hatYk/LPw2wA=="
    }
  }
}
